
Microsoft Visual Studio Solution File, Format Version 12.00
# Visual Studio Version 17
VisualStudioVersion = 17.3.32929.385
MinimumVisualStudioVersion = 10.0.40219.1
Project("{FAE04EC0-301F-11D3-BF4B-00C04F79EFBC}") = "ShapkoIKM722a", "ShapkoIKM722a\ShapkoIKM722a.csproj", "{E87F3DCB-304A-4DBB-84D5-DE2EAAAC7605}"
EndProject
Global
	GlobalSection(SolutionConfigurationPlatforms) = preSolution
		Debug|Any CPU = Debug|Any CPU
		Release|Any CPU = Release|Any CPU
	EndGlobalSection
	GlobalSection(ProjectConfigurationPlatforms) = postSolution
		{E87F3DCB-304A-4DBB-84D5-DE2EAAAC7605}.Debug|Any CPU.ActiveCfg = Debug|Any CPU
		{E87F3DCB-304A-4DBB-84D5-DE2EAAAC7605}.Debug|Any CPU.Build.0 = Debug|Any CPU
		{E87F3DCB-304A-4DBB-84D5-DE2EAAAC7605}.Release|Any CPU.ActiveCfg = Release|Any CPU
		{E87F3DCB-304A-4DBB-84D5-DE2EAAAC7605}.Release|Any CPU.Build.0 = Release|Any CPU
	EndGlobalSection
	GlobalSection(SolutionProperties) = preSolution
		HideSolutionNode = FALSE
	EndGlobalSection
	GlobalSection(ExtensibilityGlobals) = postSolution
		SolutionGuid = {4EDA593A-6D29-4726-BB3B-78C96184F83A}
	EndGlobalSection
EndGlobal
